
Microsoft Visual Studio Solution File, Format Version 12.00
# Visual Studio 2012
Project("{2150E333-8FDC-42A3-9474-1A3956D46DE8}") = "Solution Items", "Solution Items", "{429D7241-EDB8-4E8E-BFE5-E84B7D05A1D2}"
	ProjectSection(SolutionItems) = preProject
		.travis.yml = .travis.yml
		appveyor.yml = appveyor.yml
		CHANGES.md = CHANGES.md
		LICENSE.md = LICENSE.md
		README.md = README.md
	EndProjectSection
EndProject
Project("{FAE04EC0-301F-11D3-BF4B-00C04F79EFBC}") = "CSSS", "CSSS\CSSS.csproj", "{8346EB71-A8AE-41E0-BBE0-C93260F5AD31}"
EndProject
Project("{FAE04EC0-301F-11D3-BF4B-00C04F79EFBC}") = "CSSSTests", "CSSSTests\CSSSTests.csproj", "{4FEAF488-4BAB-47C0-A4BC-BA850512D34A}"
EndProject
Project("{FAE04EC0-301F-11D3-BF4B-00C04F79EFBC}") = "CSSSSupportLibrary", "CSSSSupportLibrary\CSSSSupportLibrary.csproj", "{486E86DE-4D41-41B0-AC5F-C19E734464A3}"
EndProject
Project("{FAE04EC0-301F-11D3-BF4B-00C04F79EFBC}") = "CSSSCheckerEngine", "CSSSCheckerEngine\CSSSCheckerEngine.csproj", "{7DF38F4C-6B96-4E2F-A76C-8F21D976CE56}"
EndProject
Project("{FAE04EC0-301F-11D3-BF4B-00C04F79EFBC}") = "CSSSConfig", "CSSSConfig\CSSSConfig.csproj", "{2B005BD2-677F-4646-BB17-673AD50DF07D}"
EndProject
Project("{FAE04EC0-301F-11D3-BF4B-00C04F79EFBC}") = "CSSSCheckerEngineTests", "CSSSCheckerEngineTests\CSSSCheckerEngineTests.csproj", "{40A0EAD2-7A6B-4C02-9315-5AEF401AFD24}"
EndProject
Global
	GlobalSection(SolutionConfigurationPlatforms) = preSolution
		Debug|Any CPU = Debug|Any CPU
		Release|Any CPU = Release|Any CPU
	EndGlobalSection
	GlobalSection(ProjectConfigurationPlatforms) = postSolution
		{8346EB71-A8AE-41E0-BBE0-C93260F5AD31}.Debug|Any CPU.ActiveCfg = Debug|Any CPU
		{8346EB71-A8AE-41E0-BBE0-C93260F5AD31}.Debug|Any CPU.Build.0 = Debug|Any CPU
		{8346EB71-A8AE-41E0-BBE0-C93260F5AD31}.Release|Any CPU.ActiveCfg = Release|Any CPU
		{8346EB71-A8AE-41E0-BBE0-C93260F5AD31}.Release|Any CPU.Build.0 = Release|Any CPU
		{4FEAF488-4BAB-47C0-A4BC-BA850512D34A}.Debug|Any CPU.ActiveCfg = Debug|Any CPU
		{4FEAF488-4BAB-47C0-A4BC-BA850512D34A}.Debug|Any CPU.Build.0 = Debug|Any CPU
		{4FEAF488-4BAB-47C0-A4BC-BA850512D34A}.Release|Any CPU.ActiveCfg = Release|Any CPU
		{4FEAF488-4BAB-47C0-A4BC-BA850512D34A}.Release|Any CPU.Build.0 = Release|Any CPU
		{486E86DE-4D41-41B0-AC5F-C19E734464A3}.Debug|Any CPU.ActiveCfg = Debug|Any CPU
		{486E86DE-4D41-41B0-AC5F-C19E734464A3}.Debug|Any CPU.Build.0 = Debug|Any CPU
		{486E86DE-4D41-41B0-AC5F-C19E734464A3}.Release|Any CPU.ActiveCfg = Release|Any CPU
		{486E86DE-4D41-41B0-AC5F-C19E734464A3}.Release|Any CPU.Build.0 = Release|Any CPU
		{7DF38F4C-6B96-4E2F-A76C-8F21D976CE56}.Debug|Any CPU.ActiveCfg = Debug|Any CPU
		{7DF38F4C-6B96-4E2F-A76C-8F21D976CE56}.Debug|Any CPU.Build.0 = Debug|Any CPU
		{7DF38F4C-6B96-4E2F-A76C-8F21D976CE56}.Release|Any CPU.ActiveCfg = Release|Any CPU
		{7DF38F4C-6B96-4E2F-A76C-8F21D976CE56}.Release|Any CPU.Build.0 = Release|Any CPU
		{2B005BD2-677F-4646-BB17-673AD50DF07D}.Debug|Any CPU.ActiveCfg = Debug|Any CPU
		{2B005BD2-677F-4646-BB17-673AD50DF07D}.Debug|Any CPU.Build.0 = Debug|Any CPU
		{2B005BD2-677F-4646-BB17-673AD50DF07D}.Release|Any CPU.ActiveCfg = Release|Any CPU
		{2B005BD2-677F-4646-BB17-673AD50DF07D}.Release|Any CPU.Build.0 = Release|Any CPU
		{40A0EAD2-7A6B-4C02-9315-5AEF401AFD24}.Debug|Any CPU.ActiveCfg = Debug|Any CPU
		{40A0EAD2-7A6B-4C02-9315-5AEF401AFD24}.Debug|Any CPU.Build.0 = Debug|Any CPU
		{40A0EAD2-7A6B-4C02-9315-5AEF401AFD24}.Release|Any CPU.ActiveCfg = Release|Any CPU
		{40A0EAD2-7A6B-4C02-9315-5AEF401AFD24}.Release|Any CPU.Build.0 = Release|Any CPU
	EndGlobalSection
EndGlobal
