Microsoft Visual Studio Solution File, Format Version 12.00
# Visual Studio Version 17
VisualStudioVersion = 17.3.32929.385
MinimumVisualStudioVersion = 10.0.40219.1
Project("{2150E333-8FDC-42A3-9474-1A3956D46DE8}") = "Solution Items", "Solution Items", "{429D7241-EDB8-4E8E-BFE5-E84B7D05A1D2}"
	ProjectSection(SolutionItems) = preProject
		.editorconfig = .editorconfig
		.gitignore = .gitignore
		.travis.yml = .travis.yml
		appveyor.yml = appveyor.yml
		CHANGES.md = CHANGES.md
		CODE_OF_CONDUCT.md = CODE_OF_CONDUCT.md
		CONTRIBUTING.md = CONTRIBUTING.md
		LICENSE.md = LICENSE.md
		README.md = README.md
	EndProjectSection
EndProject
Project("{FAE04EC0-301F-11D3-BF4B-00C04F79EFBC}") = "CSSS", "CSSS\CSSS.csproj", "{8346EB71-A8AE-41E0-BBE0-C93260F5AD31}"
EndProject
Project("{FAE04EC0-301F-11D3-BF4B-00C04F79EFBC}") = "CSSSSupportLibrary", "CSSSSupportLibrary\CSSSSupportLibrary.csproj", "{486E86DE-4D41-41B0-AC5F-C19E734464A3}"
EndProject
Project("{FAE04EC0-301F-11D3-BF4B-00C04F79EFBC}") = "CSSSCheckerEngine", "CSSSCheckerEngine\CSSSCheckerEngine.csproj", "{7DF38F4C-6B96-4E2F-A76C-8F21D976CE56}"
EndProject
Project("{FAE04EC0-301F-11D3-BF4B-00C04F79EFBC}") = "CSSSCheckerEngine.Tests", "CSSSCheckerEngine.Tests\CSSSCheckerEngine.Tests.csproj", "{40A0EAD2-7A6B-4C02-9315-5AEF401AFD24}"
EndProject
Project("{FAE04EC0-301F-11D3-BF4B-00C04F79EFBC}") = "CSSSNotifications", "CSSSNotifications\CSSSNotifications.csproj", "{B4BEC591-C6CE-4449-889B-A9BF84FA57F6}"
EndProject
Project("{FAE04EC0-301F-11D3-BF4B-00C04F79EFBC}") = "CSSSLauncher", "CSSSLauncher\CSSSLauncher.csproj", "{6264217F-7E32-462C-A1EC-74CBA7CD71A3}"
EndProject
Project("{9A19103F-16F7-4668-BE54-9A1E7A4F7556}") = "CSSSConfig", "CSSSConfig\CSSSConfig.csproj", "{61ACCF24-1161-448A-8F32-C98FB3A00BCC}"
EndProject
Project("{FAE04EC0-301F-11D3-BF4B-00C04F79EFBC}") = "CSSS.Tests", "CSSS.Tests\CSSS.Tests.csproj", "{4819E985-CC4D-4E24-AB46-177E8376EA39}"
EndProject
Global
	GlobalSection(SolutionConfigurationPlatforms) = preSolution
		Debug|Any CPU = Debug|Any CPU
		Release|Any CPU = Release|Any CPU
	EndGlobalSection
	GlobalSection(ProjectConfigurationPlatforms) = postSolution
		{8346EB71-A8AE-41E0-BBE0-C93260F5AD31}.Debug|Any CPU.ActiveCfg = Debug|Any CPU
		{8346EB71-A8AE-41E0-BBE0-C93260F5AD31}.Debug|Any CPU.Build.0 = Debug|Any CPU
		{8346EB71-A8AE-41E0-BBE0-C93260F5AD31}.Release|Any CPU.ActiveCfg = Release|Any CPU
		{8346EB71-A8AE-41E0-BBE0-C93260F5AD31}.Release|Any CPU.Build.0 = Release|Any CPU
		{486E86DE-4D41-41B0-AC5F-C19E734464A3}.Debug|Any CPU.ActiveCfg = Debug|Any CPU
		{486E86DE-4D41-41B0-AC5F-C19E734464A3}.Debug|Any CPU.Build.0 = Debug|Any CPU
		{486E86DE-4D41-41B0-AC5F-C19E734464A3}.Release|Any CPU.ActiveCfg = Release|Any CPU
		{486E86DE-4D41-41B0-AC5F-C19E734464A3}.Release|Any CPU.Build.0 = Release|Any CPU
		{7DF38F4C-6B96-4E2F-A76C-8F21D976CE56}.Debug|Any CPU.ActiveCfg = Debug|Any CPU
		{7DF38F4C-6B96-4E2F-A76C-8F21D976CE56}.Debug|Any CPU.Build.0 = Debug|Any CPU
		{7DF38F4C-6B96-4E2F-A76C-8F21D976CE56}.Release|Any CPU.ActiveCfg = Release|Any CPU
		{7DF38F4C-6B96-4E2F-A76C-8F21D976CE56}.Release|Any CPU.Build.0 = Release|Any CPU
		{40A0EAD2-7A6B-4C02-9315-5AEF401AFD24}.Debug|Any CPU.ActiveCfg = Debug|Any CPU
		{40A0EAD2-7A6B-4C02-9315-5AEF401AFD24}.Debug|Any CPU.Build.0 = Debug|Any CPU
		{40A0EAD2-7A6B-4C02-9315-5AEF401AFD24}.Release|Any CPU.ActiveCfg = Release|Any CPU
		{40A0EAD2-7A6B-4C02-9315-5AEF401AFD24}.Release|Any CPU.Build.0 = Release|Any CPU
		{B4BEC591-C6CE-4449-889B-A9BF84FA57F6}.Debug|Any CPU.ActiveCfg = Debug|Any CPU
		{B4BEC591-C6CE-4449-889B-A9BF84FA57F6}.Debug|Any CPU.Build.0 = Debug|Any CPU
		{B4BEC591-C6CE-4449-889B-A9BF84FA57F6}.Release|Any CPU.ActiveCfg = Release|Any CPU
		{B4BEC591-C6CE-4449-889B-A9BF84FA57F6}.Release|Any CPU.Build.0 = Release|Any CPU
		{6264217F-7E32-462C-A1EC-74CBA7CD71A3}.Debug|Any CPU.ActiveCfg = Debug|Any CPU
		{6264217F-7E32-462C-A1EC-74CBA7CD71A3}.Debug|Any CPU.Build.0 = Debug|Any CPU
		{6264217F-7E32-462C-A1EC-74CBA7CD71A3}.Release|Any CPU.ActiveCfg = Release|Any CPU
		{6264217F-7E32-462C-A1EC-74CBA7CD71A3}.Release|Any CPU.Build.0 = Release|Any CPU
		{61ACCF24-1161-448A-8F32-C98FB3A00BCC}.Debug|Any CPU.ActiveCfg = Debug|Any CPU
		{61ACCF24-1161-448A-8F32-C98FB3A00BCC}.Debug|Any CPU.Build.0 = Debug|Any CPU
		{61ACCF24-1161-448A-8F32-C98FB3A00BCC}.Release|Any CPU.ActiveCfg = Release|Any CPU
		{61ACCF24-1161-448A-8F32-C98FB3A00BCC}.Release|Any CPU.Build.0 = Release|Any CPU
		{4819E985-CC4D-4E24-AB46-177E8376EA39}.Debug|Any CPU.ActiveCfg = Debug|Any CPU
		{4819E985-CC4D-4E24-AB46-177E8376EA39}.Debug|Any CPU.Build.0 = Debug|Any CPU
		{4819E985-CC4D-4E24-AB46-177E8376EA39}.Release|Any CPU.ActiveCfg = Release|Any CPU
		{4819E985-CC4D-4E24-AB46-177E8376EA39}.Release|Any CPU.Build.0 = Release|Any CPU
	EndGlobalSection
	GlobalSection(SolutionProperties) = preSolution
		HideSolutionNode = FALSE
	EndGlobalSection
	GlobalSection(ExtensibilityGlobals) = postSolution
		SolutionGuid = {0A52343C-9CC9-417B-87C9-3D6A6EDA54F9}
	EndGlobalSection
	GlobalSection(MonoDevelopProperties) = preSolution
		version = 0.3
	EndGlobalSection
EndGlobal
