Microsoft Visual Studio Solution File, Format Version 12.00
# Visual Studio Version 17
VisualStudioVersion = 17.3.32929.385
MinimumVisualStudioVersion = 10.0.40219.1
Project("{2150E333-8FDC-42A3-9474-1A3956D46DE8}") = "Solution Items", "Solution Items", "{429D7241-EDB8-4E8E-BFE5-E84B7D05A1D2}"
	ProjectSection(SolutionItems) = preProject
		.editorconfig = .editorconfig
		.gitignore = .gitignore
		.travis.yml = .travis.yml
		appveyor.yml = appveyor.yml
		CHANGES.md = CHANGES.md
		CODE_OF_CONDUCT.md = CODE_OF_CONDUCT.md
		CONTRIBUTING.md = CONTRIBUTING.md
		LICENSE.md = LICENSE.md
		README.md = README.md
	EndProjectSection
EndProject
Project("{9A19103F-16F7-4668-BE54-9A1E7A4F7556}") = "CSSSConfig", "CSSSConfig\CSSSConfig.csproj", "{61ACCF24-1161-448A-8F32-C98FB3A00BCC}"
EndProject
Project("{9A19103F-16F7-4668-BE54-9A1E7A4F7556}") = "CSSS.Tests", "CSSS.Tests\CSSS.Tests.csproj", "{4819E985-CC4D-4E24-AB46-177E8376EA39}"
EndProject
Project("{9A19103F-16F7-4668-BE54-9A1E7A4F7556}") = "CSSSCheckerEngine.Tests", "CSSSCheckerEngine.Tests\CSSSCheckerEngine.Tests.csproj", "{273F9379-4508-4C80-AC35-0588DBD8D873}"
EndProject
Project("{9A19103F-16F7-4668-BE54-9A1E7A4F7556}") = "CSSSSupportLibrary", "CSSSSupportLibrary\CSSSSupportLibrary.csproj", "{D9731F24-0EB8-4D3F-8BE1-BEA55F4D54F5}"
EndProject
Project("{9A19103F-16F7-4668-BE54-9A1E7A4F7556}") = "CSSSNotifications", "CSSSNotifications\CSSSNotifications.csproj", "{051BDB78-9091-492E-990F-C083000CA4ED}"
EndProject
Project("{9A19103F-16F7-4668-BE54-9A1E7A4F7556}") = "CSSSLauncher", "CSSSLauncher\CSSSLauncher.csproj", "{56562CCE-AB79-46BF-BF41-92050E6E017E}"
EndProject
Project("{9A19103F-16F7-4668-BE54-9A1E7A4F7556}") = "CSSSCheckerEngine", "CSSSCheckerEngine\CSSSCheckerEngine.csproj", "{97C356FE-4F3D-4C52-8604-C4CBE32083FC}"
EndProject
Project("{9A19103F-16F7-4668-BE54-9A1E7A4F7556}") = "CSSS", "CSSS\CSSS.csproj", "{D8EA59EE-983A-41BF-931F-D4E82CA44802}"
EndProject
Global
	GlobalSection(SolutionConfigurationPlatforms) = preSolution
		Debug|Any CPU = Debug|Any CPU
		Release|Any CPU = Release|Any CPU
	EndGlobalSection
	GlobalSection(ProjectConfigurationPlatforms) = postSolution
		{61ACCF24-1161-448A-8F32-C98FB3A00BCC}.Debug|Any CPU.ActiveCfg = Debug|Any CPU
		{61ACCF24-1161-448A-8F32-C98FB3A00BCC}.Debug|Any CPU.Build.0 = Debug|Any CPU
		{61ACCF24-1161-448A-8F32-C98FB3A00BCC}.Release|Any CPU.ActiveCfg = Release|Any CPU
		{61ACCF24-1161-448A-8F32-C98FB3A00BCC}.Release|Any CPU.Build.0 = Release|Any CPU
		{4819E985-CC4D-4E24-AB46-177E8376EA39}.Debug|Any CPU.ActiveCfg = Debug|Any CPU
		{4819E985-CC4D-4E24-AB46-177E8376EA39}.Debug|Any CPU.Build.0 = Debug|Any CPU
		{4819E985-CC4D-4E24-AB46-177E8376EA39}.Release|Any CPU.ActiveCfg = Release|Any CPU
		{4819E985-CC4D-4E24-AB46-177E8376EA39}.Release|Any CPU.Build.0 = Release|Any CPU
		{273F9379-4508-4C80-AC35-0588DBD8D873}.Debug|Any CPU.ActiveCfg = Debug|Any CPU
		{273F9379-4508-4C80-AC35-0588DBD8D873}.Debug|Any CPU.Build.0 = Debug|Any CPU
		{273F9379-4508-4C80-AC35-0588DBD8D873}.Release|Any CPU.ActiveCfg = Release|Any CPU
		{273F9379-4508-4C80-AC35-0588DBD8D873}.Release|Any CPU.Build.0 = Release|Any CPU
		{D9731F24-0EB8-4D3F-8BE1-BEA55F4D54F5}.Debug|Any CPU.ActiveCfg = Debug|Any CPU
		{D9731F24-0EB8-4D3F-8BE1-BEA55F4D54F5}.Debug|Any CPU.Build.0 = Debug|Any CPU
		{D9731F24-0EB8-4D3F-8BE1-BEA55F4D54F5}.Release|Any CPU.ActiveCfg = Release|Any CPU
		{D9731F24-0EB8-4D3F-8BE1-BEA55F4D54F5}.Release|Any CPU.Build.0 = Release|Any CPU
		{051BDB78-9091-492E-990F-C083000CA4ED}.Debug|Any CPU.ActiveCfg = Debug|Any CPU
		{051BDB78-9091-492E-990F-C083000CA4ED}.Debug|Any CPU.Build.0 = Debug|Any CPU
		{051BDB78-9091-492E-990F-C083000CA4ED}.Release|Any CPU.ActiveCfg = Release|Any CPU
		{051BDB78-9091-492E-990F-C083000CA4ED}.Release|Any CPU.Build.0 = Release|Any CPU
		{56562CCE-AB79-46BF-BF41-92050E6E017E}.Debug|Any CPU.ActiveCfg = Debug|Any CPU
		{56562CCE-AB79-46BF-BF41-92050E6E017E}.Debug|Any CPU.Build.0 = Debug|Any CPU
		{56562CCE-AB79-46BF-BF41-92050E6E017E}.Release|Any CPU.ActiveCfg = Release|Any CPU
		{56562CCE-AB79-46BF-BF41-92050E6E017E}.Release|Any CPU.Build.0 = Release|Any CPU
		{97C356FE-4F3D-4C52-8604-C4CBE32083FC}.Debug|Any CPU.ActiveCfg = Debug|Any CPU
		{97C356FE-4F3D-4C52-8604-C4CBE32083FC}.Debug|Any CPU.Build.0 = Debug|Any CPU
		{97C356FE-4F3D-4C52-8604-C4CBE32083FC}.Release|Any CPU.ActiveCfg = Release|Any CPU
		{97C356FE-4F3D-4C52-8604-C4CBE32083FC}.Release|Any CPU.Build.0 = Release|Any CPU
		{D8EA59EE-983A-41BF-931F-D4E82CA44802}.Debug|Any CPU.ActiveCfg = Debug|Any CPU
		{D8EA59EE-983A-41BF-931F-D4E82CA44802}.Debug|Any CPU.Build.0 = Debug|Any CPU
		{D8EA59EE-983A-41BF-931F-D4E82CA44802}.Release|Any CPU.ActiveCfg = Release|Any CPU
		{D8EA59EE-983A-41BF-931F-D4E82CA44802}.Release|Any CPU.Build.0 = Release|Any CPU
	EndGlobalSection
	GlobalSection(SolutionProperties) = preSolution
		HideSolutionNode = FALSE
	EndGlobalSection
	GlobalSection(ExtensibilityGlobals) = postSolution
		SolutionGuid = {0A52343C-9CC9-417B-87C9-3D6A6EDA54F9}
	EndGlobalSection
	GlobalSection(MonoDevelopProperties) = preSolution
		version = 0.3
	EndGlobalSection
EndGlobal
